# This file is automatically @generated by Cargo.
# It is not intended for manual editing.
version = 4

[[package]]
name = "cargo-dkdol"
version = "0.1.0"

[[package]]
name = "controller_test"
version = "0.1.0"
dependencies = [
 "dkdol-gfx",
 "dkdol-hal",
 "dkdol-rt",
]

[[package]]
name = "dkdol-alloc"
version = "0.1.0"
dependencies = [
 "dkdol-rt",
]

[[package]]
name = "dkdol-crash"
version = "0.1.0"
dependencies = [
 "dkdol-gfx",
 "dkdol-hal",
 "dkdol-rt",
]

[[package]]
name = "dkdol-fs"
version = "0.1.0"
dependencies = [
 "dkdol-hal",
 "dkdol-rt",
]

[[package]]
name = "dkdol-gfx"
version = "0.1.0"
dependencies = [
 "dkdol-hal",
 "dkdol-rt",
]

[[package]]
name = "dkdol-hal"
version = "0.1.0"
dependencies = [
 "dkdol-rt",
]

[[package]]
name = "dkdol-rt"
version = "0.1.0"

[[package]]
name = "dkdol-vfs"
version = "0.1.0"
dependencies = [
 "dkdol-fs",
 "dkdol-hal",
 "dkdol-rt",
]

[[package]]
name = "elf2dol"
version = "0.1.0"

[[package]]
name = "hello_world"
version = "0.1.0"
dependencies = [
 "dkdol-gfx",
 "dkdol-hal",
 "dkdol-rt",
]

[[package]]
name = "sd_reader"
version = "0.1.0"
dependencies = [
 "dkdol-gfx",
 "dkdol-hal",
 "dkdol-rt",
]

[[package]]
name = "sine_wave"
version = "0.1.0"
dependencies = [
 "dkdol-gfx",
 "dkdol-hal",
 "dkdol-rt",
]

[[package]]
name = "spinning_triangle"
version = "0.1.0"
dependencies = [
 "dkdol-hal",
 "dkdol-rt",
]

[[package]]
name = "storage_detect"
version = "0.1.0"
dependencies = [
 "dkdol-gfx",
 "dkdol-hal",
 "dkdol-rt",
]

[[package]]
name = "vfs_demo"
version = "0.1.0"
dependencies = [
 "dkdol-gfx",
 "dkdol-hal",
 "dkdol-rt",
 "dkdol-vfs",
]
